
Microsoft Visual Studio Solution File, Format Version 12.00
# Visual Studio Version 17
VisualStudioVersion = 17.0.32112.339
MinimumVisualStudioVersion = 10.0.40219.1
Project("{888888A0-9F3D-457C-B088-3A5042F75D52}") = "DebateWebsite", "DebateWebsite.pyproj", "{21045D63-BB2E-4188-BBFD-2126E5445989}"
EndProject
Global
	GlobalSection(SolutionConfigurationPlatforms) = preSolution
		Debug|Any CPU = Debug|Any CPU
		Release|Any CPU = Release|Any CPU
	EndGlobalSection
	GlobalSection(ProjectConfigurationPlatforms) = postSolution
		{21045D63-BB2E-4188-BBFD-2126E5445989}.Debug|Any CPU.ActiveCfg = Debug|Any CPU
		{21045D63-BB2E-4188-BBFD-2126E5445989}.Debug|Any CPU.Build.0 = Debug|Any CPU
		{21045D63-BB2E-4188-BBFD-2126E5445989}.Release|Any CPU.ActiveCfg = Release|Any CPU
		{21045D63-BB2E-4188-BBFD-2126E5445989}.Release|Any CPU.Build.0 = Release|Any CPU
	EndGlobalSection
	GlobalSection(SolutionProperties) = preSolution
		HideSolutionNode = FALSE
	EndGlobalSection
	GlobalSection(ExtensibilityGlobals) = postSolution
		SolutionGuid = {30128F19-BFB1-460A-88A7-333DF5F21038}
	EndGlobalSection
EndGlobal
